schema: '2.0'
stages:
  prepare:
    cmd: python src/data/make_dataset.py
    deps:
    - path: data/raw
      hash: md5
      md5: 90c3e04bb8fa1558eb70f9096b5b6010.dir
      size: 31082914
      nfiles: 4
    - path: src/data/make_dataset.py
      hash: md5
      md5: 720d80d52c8dc6c60c67f5d3b2fd1d2f
      size: 8927
    outs:
    - path: data/preprocessed
      hash: md5
      md5: 4ab85b8f2746b8bca96444f02d12bebc.dir
      size: 5991715
      nfiles: 4
  train:
    cmd: python src/models/train_model.py
    deps:
    - path: data/preprocessed
      hash: md5
      md5: 4ab85b8f2746b8bca96444f02d12bebc.dir
      size: 5991715
      nfiles: 4
    - path: src/models/train_model.py
      hash: md5
      md5: 018009119c3316bfc6d0b13235ad5832
      size: 753
    outs:
    - path: models/trained_model.joblib
      hash: md5
      md5: b02f8a44587a6038eb05d29a9ff99ab5
      size: 205758697
  evaluation:
    cmd: python src/models/evaluate_model.py
    deps:
    - path: models/trained_model.joblib
      hash: md5
      md5: b02f8a44587a6038eb05d29a9ff99ab5
      size: 205758697
    - path: src/models/evaluate_model.py
      hash: md5
      md5: 83c324f1a3ca85e22881c298cee6c02f
      size: 856
    outs:
    - path: metrics/accuracy.json
      hash: md5
      md5: b6b68695edea9dc433cd891fd89cdedc
      size: 32
